
Microsoft Visual Studio Solution File, Format Version 12.00
# Visual Studio Version 16
VisualStudioVersion = 16.0.30907.101
MinimumVisualStudioVersion = 10.0.40219.1
Project("{FAE04EC0-301F-11D3-BF4B-00C04F79EFBC}") = "CautareaLiniara", "CautareaLiniara.csproj", "{A12D487A-4C3C-4617-B116-627E565AD136}"
EndProject
Global
	GlobalSection(SolutionConfigurationPlatforms) = preSolution
		Debug|Any CPU = Debug|Any CPU
		Release|Any CPU = Release|Any CPU
	EndGlobalSection
	GlobalSection(ProjectConfigurationPlatforms) = postSolution
		{A12D487A-4C3C-4617-B116-627E565AD136}.Debug|Any CPU.ActiveCfg = Debug|Any CPU
		{A12D487A-4C3C-4617-B116-627E565AD136}.Debug|Any CPU.Build.0 = Debug|Any CPU
		{A12D487A-4C3C-4617-B116-627E565AD136}.Release|Any CPU.ActiveCfg = Release|Any CPU
		{A12D487A-4C3C-4617-B116-627E565AD136}.Release|Any CPU.Build.0 = Release|Any CPU
	EndGlobalSection
	GlobalSection(SolutionProperties) = preSolution
		HideSolutionNode = FALSE
	EndGlobalSection
	GlobalSection(ExtensibilityGlobals) = postSolution
		SolutionGuid = {BA84DB3F-A250-4D55-A164-2229445BF4C2}
	EndGlobalSection
EndGlobal
